
Microsoft Visual Studio Solution File, Format Version 12.00
# Visual Studio Version 17
VisualStudioVersion = 17.3.32901.215
MinimumVisualStudioVersion = 10.0.40219.1
Project("{2150E333-8FDC-42A3-9474-1A3956D46DE8}") = "Gateway", "Gateway", "{9CDE66B8-4499-4D7B-947A-98F9FAC4D169}"
EndProject
Project("{2150E333-8FDC-42A3-9474-1A3956D46DE8}") = "Catalog", "Catalog", "{D77F0520-96E6-4234-9005-B2685FB48C47}"
EndProject
Project("{2150E333-8FDC-42A3-9474-1A3956D46DE8}") = "Services", "Services", "{CADBE64B-E341-4635-97CB-7B4E2F233991}"
EndProject
Project("{FAE04EC0-301F-11D3-BF4B-00C04F79EFBC}") = "Floward", "Floward\Floward.csproj", "{990BE8D6-2D7D-4EB7-B58A-85F5CF11E5B2}"
EndProject
Project("{FAE04EC0-301F-11D3-BF4B-00C04F79EFBC}") = "CatalogApi", "CatalogApi\CatalogApi.csproj", "{6D9DC666-2ADF-416B-BDAD-31D71F63E96C}"
EndProject
Project("{FAE04EC0-301F-11D3-BF4B-00C04F79EFBC}") = "CatalogBusiness", "CatalogBusiness\CatalogBusiness.csproj", "{D2C8CEFB-C959-4BE6-9BB7-36C503CDA477}"
EndProject
Project("{FAE04EC0-301F-11D3-BF4B-00C04F79EFBC}") = "CatalogDB", "CatalogDB\CatalogDB.csproj", "{6C2AAE3C-0685-4E30-8B0A-2A94B061ABA9}"
EndProject
Project("{FAE04EC0-301F-11D3-BF4B-00C04F79EFBC}") = "FlowardBusiness", "FlowardBusiness\FlowardBusiness.csproj", "{8AB3EA14-4CCA-4E08-AD70-6EB0C709EA94}"
EndProject
Project("{FAE04EC0-301F-11D3-BF4B-00C04F79EFBC}") = "FlowardDB", "FlowardDB\FlowardDB.csproj", "{A43DF5F4-DCEE-42A6-8A24-A9F97C466668}"
EndProject
Project("{2150E333-8FDC-42A3-9474-1A3956D46DE8}") = "Core", "Core", "{95EE1C53-10F0-4103-829A-BA5F7FE3DA1D}"
EndProject
Project("{FAE04EC0-301F-11D3-BF4B-00C04F79EFBC}") = "Common", "Common\Common.csproj", "{D1B1B43D-2E0B-46B5-B6A3-4011A36F35D1}"
EndProject
Project("{FAE04EC0-301F-11D3-BF4B-00C04F79EFBC}") = "QueueService", "QueueService\QueueService.csproj", "{05363C86-E0FD-46F2-AA29-AC32AD93CE21}"
EndProject
Project("{FAE04EC0-301F-11D3-BF4B-00C04F79EFBC}") = "Test.CatalogApi", "Test.CatalogApi\Test.CatalogApi.csproj", "{65216B90-5E71-432D-96FE-7CD7C092D9CB}"
EndProject
Project("{00D1A9C2-B5F0-4AF3-8072-F6C62B433612}") = "dbFloward", "dbFloward\dbFloward.sqlproj", "{D154AFD1-FE0A-430C-8A9E-76B6002D7CBA}"
EndProject
Project("{00D1A9C2-B5F0-4AF3-8072-F6C62B433612}") = "dbCatalog", "dbCatalog\dbCatalog.sqlproj", "{31CE24AB-9C98-4D77-BF5A-4836E67C6CC2}"
EndProject
Global
	GlobalSection(SolutionConfigurationPlatforms) = preSolution
		Debug|Any CPU = Debug|Any CPU
		Release|Any CPU = Release|Any CPU
	EndGlobalSection
	GlobalSection(ProjectConfigurationPlatforms) = postSolution
		{990BE8D6-2D7D-4EB7-B58A-85F5CF11E5B2}.Debug|Any CPU.ActiveCfg = Debug|Any CPU
		{990BE8D6-2D7D-4EB7-B58A-85F5CF11E5B2}.Debug|Any CPU.Build.0 = Debug|Any CPU
		{990BE8D6-2D7D-4EB7-B58A-85F5CF11E5B2}.Release|Any CPU.ActiveCfg = Release|Any CPU
		{990BE8D6-2D7D-4EB7-B58A-85F5CF11E5B2}.Release|Any CPU.Build.0 = Release|Any CPU
		{6D9DC666-2ADF-416B-BDAD-31D71F63E96C}.Debug|Any CPU.ActiveCfg = Debug|Any CPU
		{6D9DC666-2ADF-416B-BDAD-31D71F63E96C}.Debug|Any CPU.Build.0 = Debug|Any CPU
		{6D9DC666-2ADF-416B-BDAD-31D71F63E96C}.Release|Any CPU.ActiveCfg = Release|Any CPU
		{6D9DC666-2ADF-416B-BDAD-31D71F63E96C}.Release|Any CPU.Build.0 = Release|Any CPU
		{D2C8CEFB-C959-4BE6-9BB7-36C503CDA477}.Debug|Any CPU.ActiveCfg = Debug|Any CPU
		{D2C8CEFB-C959-4BE6-9BB7-36C503CDA477}.Debug|Any CPU.Build.0 = Debug|Any CPU
		{D2C8CEFB-C959-4BE6-9BB7-36C503CDA477}.Release|Any CPU.ActiveCfg = Release|Any CPU
		{D2C8CEFB-C959-4BE6-9BB7-36C503CDA477}.Release|Any CPU.Build.0 = Release|Any CPU
		{6C2AAE3C-0685-4E30-8B0A-2A94B061ABA9}.Debug|Any CPU.ActiveCfg = Debug|Any CPU
		{6C2AAE3C-0685-4E30-8B0A-2A94B061ABA9}.Debug|Any CPU.Build.0 = Debug|Any CPU
		{6C2AAE3C-0685-4E30-8B0A-2A94B061ABA9}.Release|Any CPU.ActiveCfg = Release|Any CPU
		{6C2AAE3C-0685-4E30-8B0A-2A94B061ABA9}.Release|Any CPU.Build.0 = Release|Any CPU
		{8AB3EA14-4CCA-4E08-AD70-6EB0C709EA94}.Debug|Any CPU.ActiveCfg = Debug|Any CPU
		{8AB3EA14-4CCA-4E08-AD70-6EB0C709EA94}.Debug|Any CPU.Build.0 = Debug|Any CPU
		{8AB3EA14-4CCA-4E08-AD70-6EB0C709EA94}.Release|Any CPU.ActiveCfg = Release|Any CPU
		{8AB3EA14-4CCA-4E08-AD70-6EB0C709EA94}.Release|Any CPU.Build.0 = Release|Any CPU
		{A43DF5F4-DCEE-42A6-8A24-A9F97C466668}.Debug|Any CPU.ActiveCfg = Debug|Any CPU
		{A43DF5F4-DCEE-42A6-8A24-A9F97C466668}.Debug|Any CPU.Build.0 = Debug|Any CPU
		{A43DF5F4-DCEE-42A6-8A24-A9F97C466668}.Release|Any CPU.ActiveCfg = Release|Any CPU
		{A43DF5F4-DCEE-42A6-8A24-A9F97C466668}.Release|Any CPU.Build.0 = Release|Any CPU
		{D1B1B43D-2E0B-46B5-B6A3-4011A36F35D1}.Debug|Any CPU.ActiveCfg = Debug|Any CPU
		{D1B1B43D-2E0B-46B5-B6A3-4011A36F35D1}.Debug|Any CPU.Build.0 = Debug|Any CPU
		{D1B1B43D-2E0B-46B5-B6A3-4011A36F35D1}.Release|Any CPU.ActiveCfg = Release|Any CPU
		{D1B1B43D-2E0B-46B5-B6A3-4011A36F35D1}.Release|Any CPU.Build.0 = Release|Any CPU
		{05363C86-E0FD-46F2-AA29-AC32AD93CE21}.Debug|Any CPU.ActiveCfg = Debug|Any CPU
		{05363C86-E0FD-46F2-AA29-AC32AD93CE21}.Debug|Any CPU.Build.0 = Debug|Any CPU
		{05363C86-E0FD-46F2-AA29-AC32AD93CE21}.Release|Any CPU.ActiveCfg = Release|Any CPU
		{05363C86-E0FD-46F2-AA29-AC32AD93CE21}.Release|Any CPU.Build.0 = Release|Any CPU
		{65216B90-5E71-432D-96FE-7CD7C092D9CB}.Debug|Any CPU.ActiveCfg = Debug|Any CPU
		{65216B90-5E71-432D-96FE-7CD7C092D9CB}.Debug|Any CPU.Build.0 = Debug|Any CPU
		{65216B90-5E71-432D-96FE-7CD7C092D9CB}.Release|Any CPU.ActiveCfg = Release|Any CPU
		{65216B90-5E71-432D-96FE-7CD7C092D9CB}.Release|Any CPU.Build.0 = Release|Any CPU
		{D154AFD1-FE0A-430C-8A9E-76B6002D7CBA}.Debug|Any CPU.ActiveCfg = Debug|Any CPU
		{D154AFD1-FE0A-430C-8A9E-76B6002D7CBA}.Debug|Any CPU.Build.0 = Debug|Any CPU
		{D154AFD1-FE0A-430C-8A9E-76B6002D7CBA}.Debug|Any CPU.Deploy.0 = Debug|Any CPU
		{D154AFD1-FE0A-430C-8A9E-76B6002D7CBA}.Release|Any CPU.ActiveCfg = Release|Any CPU
		{D154AFD1-FE0A-430C-8A9E-76B6002D7CBA}.Release|Any CPU.Build.0 = Release|Any CPU
		{D154AFD1-FE0A-430C-8A9E-76B6002D7CBA}.Release|Any CPU.Deploy.0 = Release|Any CPU
		{31CE24AB-9C98-4D77-BF5A-4836E67C6CC2}.Debug|Any CPU.ActiveCfg = Debug|Any CPU
		{31CE24AB-9C98-4D77-BF5A-4836E67C6CC2}.Debug|Any CPU.Build.0 = Debug|Any CPU
		{31CE24AB-9C98-4D77-BF5A-4836E67C6CC2}.Debug|Any CPU.Deploy.0 = Debug|Any CPU
		{31CE24AB-9C98-4D77-BF5A-4836E67C6CC2}.Release|Any CPU.ActiveCfg = Release|Any CPU
		{31CE24AB-9C98-4D77-BF5A-4836E67C6CC2}.Release|Any CPU.Build.0 = Release|Any CPU
		{31CE24AB-9C98-4D77-BF5A-4836E67C6CC2}.Release|Any CPU.Deploy.0 = Release|Any CPU
	EndGlobalSection
	GlobalSection(SolutionProperties) = preSolution
		HideSolutionNode = FALSE
	EndGlobalSection
	GlobalSection(NestedProjects) = preSolution
		{990BE8D6-2D7D-4EB7-B58A-85F5CF11E5B2} = {9CDE66B8-4499-4D7B-947A-98F9FAC4D169}
		{6D9DC666-2ADF-416B-BDAD-31D71F63E96C} = {D77F0520-96E6-4234-9005-B2685FB48C47}
		{D2C8CEFB-C959-4BE6-9BB7-36C503CDA477} = {D77F0520-96E6-4234-9005-B2685FB48C47}
		{6C2AAE3C-0685-4E30-8B0A-2A94B061ABA9} = {D77F0520-96E6-4234-9005-B2685FB48C47}
		{8AB3EA14-4CCA-4E08-AD70-6EB0C709EA94} = {9CDE66B8-4499-4D7B-947A-98F9FAC4D169}
		{A43DF5F4-DCEE-42A6-8A24-A9F97C466668} = {9CDE66B8-4499-4D7B-947A-98F9FAC4D169}
		{D1B1B43D-2E0B-46B5-B6A3-4011A36F35D1} = {95EE1C53-10F0-4103-829A-BA5F7FE3DA1D}
		{05363C86-E0FD-46F2-AA29-AC32AD93CE21} = {CADBE64B-E341-4635-97CB-7B4E2F233991}
		{65216B90-5E71-432D-96FE-7CD7C092D9CB} = {D77F0520-96E6-4234-9005-B2685FB48C47}
		{D154AFD1-FE0A-430C-8A9E-76B6002D7CBA} = {9CDE66B8-4499-4D7B-947A-98F9FAC4D169}
		{31CE24AB-9C98-4D77-BF5A-4836E67C6CC2} = {D77F0520-96E6-4234-9005-B2685FB48C47}
	EndGlobalSection
	GlobalSection(ExtensibilityGlobals) = postSolution
		SolutionGuid = {6331A9E5-B487-4AD9-BD45-31CF878AB4B3}
	EndGlobalSection
EndGlobal
